
Microsoft Visual Studio Solution File, Format Version 12.00
# Visual Studio 15
VisualStudioVersion = 15.0.28307.168
MinimumVisualStudioVersion = 10.0.40219.1
Project("{FAE04EC0-301F-11D3-BF4B-00C04F79EFBC}") = "ISBD", "ISBD\ISBD.csproj", "{F126891A-4D08-431E-9841-CDB448CA797F}"
EndProject
Global
	GlobalSection(SolutionConfigurationPlatforms) = preSolution
		Debug|Any CPU = Debug|Any CPU
		Release|Any CPU = Release|Any CPU
	EndGlobalSection
	GlobalSection(ProjectConfigurationPlatforms) = postSolution
		{F126891A-4D08-431E-9841-CDB448CA797F}.Debug|Any CPU.ActiveCfg = Debug|Any CPU
		{F126891A-4D08-431E-9841-CDB448CA797F}.Debug|Any CPU.Build.0 = Debug|Any CPU
		{F126891A-4D08-431E-9841-CDB448CA797F}.Release|Any CPU.ActiveCfg = Release|Any CPU
		{F126891A-4D08-431E-9841-CDB448CA797F}.Release|Any CPU.Build.0 = Release|Any CPU
	EndGlobalSection
	GlobalSection(SolutionProperties) = preSolution
		HideSolutionNode = FALSE
	EndGlobalSection
	GlobalSection(ExtensibilityGlobals) = postSolution
		SolutionGuid = {859F10D0-1646-4026-9651-2FE71F2B4882}
	EndGlobalSection
EndGlobal
